Microsoft Visual Studio Solution File, Format Version 12.00
# Visual Studio Version 17
VisualStudioVersion = 17.5.2.0
MinimumVisualStudioVersion = 10.0.40219.1
Project("{FAE04EC0-301F-11D3-BF4B-00C04F79EFBC}") = "mongooseDotnet", "mongooseDotnet.csproj", "{6A49EDDB-77D1-6022-C80A-9B7D3B49B6DB}"
EndProject
Global
	GlobalSection(SolutionConfigurationPlatforms) = preSolution
		Debug|Any CPU = Debug|Any CPU
		Release|Any CPU = Release|Any CPU
	EndGlobalSection
	GlobalSection(ProjectConfigurationPlatforms) = postSolution
		{6A49EDDB-77D1-6022-C80A-9B7D3B49B6DB}.Debug|Any CPU.ActiveCfg = Debug|Any CPU
		{6A49EDDB-77D1-6022-C80A-9B7D3B49B6DB}.Debug|Any CPU.Build.0 = Debug|Any CPU
		{6A49EDDB-77D1-6022-C80A-9B7D3B49B6DB}.Release|Any CPU.ActiveCfg = Release|Any CPU
		{6A49EDDB-77D1-6022-C80A-9B7D3B49B6DB}.Release|Any CPU.Build.0 = Release|Any CPU
	EndGlobalSection
	GlobalSection(SolutionProperties) = preSolution
		HideSolutionNode = FALSE
	EndGlobalSection
	GlobalSection(ExtensibilityGlobals) = postSolution
		SolutionGuid = {936D6378-DE3A-4C6E-89FF-6228E203750C}
	EndGlobalSection
EndGlobal
